
Microsoft Visual Studio Solution File, Format Version 12.00
# Visual Studio Version 16
VisualStudioVersion = 16.0.29411.108
MinimumVisualStudioVersion = 10.0.40219.1
Project("{FAE04EC0-301F-11D3-BF4B-00C04F79EFBC}") = "EvenFibonacciSum", "EvenFibonacciSum\EvenFibonacciSum.csproj", "{ED74BF7F-EF3F-4C8F-B2D7-D80D3A87C4BC}"
EndProject
Global
	GlobalSection(SolutionConfigurationPlatforms) = preSolution
		Debug|Any CPU = Debug|Any CPU
		Release|Any CPU = Release|Any CPU
	EndGlobalSection
	GlobalSection(ProjectConfigurationPlatforms) = postSolution
		{ED74BF7F-EF3F-4C8F-B2D7-D80D3A87C4BC}.Debug|Any CPU.ActiveCfg = Debug|Any CPU
		{ED74BF7F-EF3F-4C8F-B2D7-D80D3A87C4BC}.Debug|Any CPU.Build.0 = Debug|Any CPU
		{ED74BF7F-EF3F-4C8F-B2D7-D80D3A87C4BC}.Release|Any CPU.ActiveCfg = Release|Any CPU
		{ED74BF7F-EF3F-4C8F-B2D7-D80D3A87C4BC}.Release|Any CPU.Build.0 = Release|Any CPU
	EndGlobalSection
	GlobalSection(SolutionProperties) = preSolution
		HideSolutionNode = FALSE
	EndGlobalSection
	GlobalSection(ExtensibilityGlobals) = postSolution
		SolutionGuid = {30F14029-C3FF-401F-929D-80495DB1D9FD}
	EndGlobalSection
EndGlobal
